
Microsoft Visual Studio Solution File, Format Version 12.00
# Visual Studio Version 17
VisualStudioVersion = 17.0.31919.166
MinimumVisualStudioVersion = 10.0.40219.1
Project("{2150E333-8FDC-42A3-9474-1A3956D46DE8}") = "DataLayer", "DataLayer", "{6A5B9D55-3625-4CB9-9272-C11AA564DD57}"
EndProject
Project("{FAE04EC0-301F-11D3-BF4B-00C04F79EFBC}") = "QuizOverflow.Models", "QuizOverflow.Models\QuizOverflow.Models.csproj", "{783EE92C-6B7B-4A1F-94E9-BC8809655697}"
EndProject
Global
	GlobalSection(SolutionConfigurationPlatforms) = preSolution
		Debug|Any CPU = Debug|Any CPU
		Release|Any CPU = Release|Any CPU
	EndGlobalSection
	GlobalSection(ProjectConfigurationPlatforms) = postSolution
		{783EE92C-6B7B-4A1F-94E9-BC8809655697}.Debug|Any CPU.ActiveCfg = Debug|Any CPU
		{783EE92C-6B7B-4A1F-94E9-BC8809655697}.Debug|Any CPU.Build.0 = Debug|Any CPU
		{783EE92C-6B7B-4A1F-94E9-BC8809655697}.Release|Any CPU.ActiveCfg = Release|Any CPU
		{783EE92C-6B7B-4A1F-94E9-BC8809655697}.Release|Any CPU.Build.0 = Release|Any CPU
	EndGlobalSection
	GlobalSection(SolutionProperties) = preSolution
		HideSolutionNode = FALSE
	EndGlobalSection
	GlobalSection(NestedProjects) = preSolution
		{783EE92C-6B7B-4A1F-94E9-BC8809655697} = {6A5B9D55-3625-4CB9-9272-C11AA564DD57}
	EndGlobalSection
	GlobalSection(ExtensibilityGlobals) = postSolution
		SolutionGuid = {B20FA21C-14D8-405D-A1AA-D726AF50095F}
	EndGlobalSection
EndGlobal
